// !$*UTF8*$!
{
	archiveVersion = 1;
	classes = {
	};
	objectVersion = 55;
	objects = {

/* Begin PBXBuildFile section */
		95258D4627A788C50048A18B /* Assets.xcassets in Resources */ = {isa = PBXBuildFile; fileRef = 95258D4527A788C50048A18B /* Assets.xcassets */; };
		95258D5427A788C50048A18B /* QueUpTests.swift in Sources */ = {isa = PBXBuildFile; fileRef = 95258D5327A788C50048A18B /* QueUpTests.swift */; };
		95258D5E27A788C50048A18B /* QueUpUITests.swift in Sources */ = {isa = PBXBuildFile; fileRef = 95258D5D27A788C50048A18B /* QueUpUITests.swift */; };
		95258D6027A788C50048A18B /* QueUpUITestsLaunchTests.swift in Sources */ = {isa = PBXBuildFile; fileRef = 95258D5F27A788C50048A18B /* QueUpUITestsLaunchTests.swift */; };
		95258D8027B0FC940048A18B /* GoogleService-Info.plist in Resources */ = {isa = PBXBuildFile; fileRef = 95258D7F27B0FC940048A18B /* GoogleService-Info.plist */; };
		95258DC827B100990048A18B /* UIViewController+Alert.swift in Sources */ = {isa = PBXBuildFile; fileRef = 95258D8627B100990048A18B /* UIViewController+Alert.swift */; };
		95258DC927B100990048A18B /* APIClient.swift in Sources */ = {isa = PBXBuildFile; fileRef = 95258D8827B100990048A18B /* APIClient.swift */; };
		95258DCA27B100990048A18B /* SpotifyReponseModels.swift in Sources */ = {isa = PBXBuildFile; fileRef = 95258D8B27B100990048A18B /* SpotifyReponseModels.swift */; };
		95258DCB27B100990048A18B /* SpotifyAPIEndpoint.swift in Sources */ = {isa = PBXBuildFile; fileRef = 95258D8C27B100990048A18B /* SpotifyAPIEndpoint.swift */; };
		95258DCC27B100990048A18B /* SpotifyUserProfileAPI.swift in Sources */ = {isa = PBXBuildFile; fileRef = 95258D8E27B100990048A18B /* SpotifyUserProfileAPI.swift */; };
		95258DCD27B100990048A18B /* SpotifyAccountsAPI.swift in Sources */ = {isa = PBXBuildFile; fileRef = 95258D8F27B100990048A18B /* SpotifyAccountsAPI.swift */; };
		95258DCE27B100990048A18B /* SpotifySearchAPI.swift in Sources */ = {isa = PBXBuildFile; fileRef = 95258D9027B100990048A18B /* SpotifySearchAPI.swift */; };
		95258DCF27B100990048A18B /* SpotfiyRecommendationsAPI.swift in Sources */ = {isa = PBXBuildFile; fileRef = 95258D9127B100990048A18B /* SpotfiyRecommendationsAPI.swift */; };
		95258DD027B100990048A18B /* SpotifyPlayerAPI.swift in Sources */ = {isa = PBXBuildFile; fileRef = 95258D9227B100990048A18B /* SpotifyPlayerAPI.swift */; };
		95258DD127B100990048A18B /* SpotifyAPIClient.swift in Sources */ = {isa = PBXBuildFile; fileRef = 95258D9327B100990048A18B /* SpotifyAPIClient.swift */; };
		95258DD227B100990048A18B /* HTTPMethod.swift in Sources */ = {isa = PBXBuildFile; fileRef = 95258D9427B100990048A18B /* HTTPMethod.swift */; };
		95258DD327B100990048A18B /* ClientError.swift in Sources */ = {isa = PBXBuildFile; fileRef = 95258D9527B100990048A18B /* ClientError.swift */; };
		95258DD427B100990048A18B /* HTTPAuthorization.swift in Sources */ = {isa = PBXBuildFile; fileRef = 95258D9627B100990048A18B /* HTTPAuthorization.swift */; };
		95258DD527B100990048A18B /* APIEndpoint.swift in Sources */ = {isa = PBXBuildFile; fileRef = 95258D9727B100990048A18B /* APIEndpoint.swift */; };
		95258DD627B100990048A18B /* APIRequest.swift in Sources */ = {isa = PBXBuildFile; fileRef = 95258D9827B100990048A18B /* APIRequest.swift */; };
		95258DD727B100990048A18B /* MemberTableViewCell.swift in Sources */ = {isa = PBXBuildFile; fileRef = 95258D9B27B100990048A18B /* MemberTableViewCell.swift */; };
		95258DD827B100990048A18B /* LaunchScreen.storyboard in Resources */ = {isa = PBXBuildFile; fileRef = 95258D9C27B100990048A18B /* LaunchScreen.storyboard */; };
		95258DD927B100990048A18B /* Main.storyboard in Resources */ = {isa = PBXBuildFile; fileRef = 95258D9E27B100990048A18B /* Main.storyboard */; };
		95258DDA27B100990048A18B /* RoomFormTextField.swift in Sources */ = {isa = PBXBuildFile; fileRef = 95258DA227B100990048A18B /* RoomFormTextField.swift */; };
		95258DDB27B100990048A18B /* RoomFormView.swift in Sources */ = {isa = PBXBuildFile; fileRef = 95258DA327B100990048A18B /* RoomFormView.swift */; };
		95258DDC27B100990048A18B /* RoomFormButton.swift in Sources */ = {isa = PBXBuildFile; fileRef = 95258DA427B100990048A18B /* RoomFormButton.swift */; };
		95258DDD27B100990048A18B /* RoomFormSegmentedControl.swift in Sources */ = {isa = PBXBuildFile; fileRef = 95258DA527B100990048A18B /* RoomFormSegmentedControl.swift */; };
		95258DDE27B100990048A18B /* SwitchControl.swift in Sources */ = {isa = PBXBuildFile; fileRef = 95258DA627B100990048A18B /* SwitchControl.swift */; };
		95258DDF27B100990048A18B /* SearchTableViewCell.swift in Sources */ = {isa = PBXBuildFile; fileRef = 95258DA827B100990048A18B /* SearchTableViewCell.swift */; };
		95258DE027B100990048A18B /* ActivityIndicatorView.swift in Sources */ = {isa = PBXBuildFile; fileRef = 95258DA927B100990048A18B /* ActivityIndicatorView.swift */; };
		95258DE127B100990048A18B /* PlaylistTableViewCell.swift in Sources */ = {isa = PBXBuildFile; fileRef = 95258DAB27B100990048A18B /* PlaylistTableViewCell.swift */; };
		95258DE227B100990048A18B /* RepositoryError.swift in Sources */ = {isa = PBXBuildFile; fileRef = 95258DAD27B100990048A18B /* RepositoryError.swift */; };
		95258DE327B100990048A18B /* UserDefaultsRepository.swift in Sources */ = {isa = PBXBuildFile; fileRef = 95258DAF27B100990048A18B /* UserDefaultsRepository.swift */; };
		95258DE427B100990048A18B /* UserDefaultsProperty.swift in Sources */ = {isa = PBXBuildFile; fileRef = 95258DB027B100990048A18B /* UserDefaultsProperty.swift */; };
		95258DE527B100990048A18B /* FirestoreRepository.swift in Sources */ = {isa = PBXBuildFile; fileRef = 95258DB227B100990048A18B /* FirestoreRepository.swift */; };
		95258DE627B100990048A18B /* FirestoreDocument.swift in Sources */ = {isa = PBXBuildFile; fileRef = 95258DB327B100990048A18B /* FirestoreDocument.swift */; };
		95258DE727B100990048A18B /* RemoteRepository.swift in Sources */ = {isa = PBXBuildFile; fileRef = 95258DB427B100990048A18B /* RemoteRepository.swift */; };
		95258DE827B100990048A18B /* SearchResultItem.swift in Sources */ = {isa = PBXBuildFile; fileRef = 95258DB627B100990048A18B /* SearchResultItem.swift */; };
		95258DE927B100990048A18B /* Song.swift in Sources */ = {isa = PBXBuildFile; fileRef = 95258DB727B100990048A18B /* Song.swift */; };
		95258DEA27B100990048A18B /* SpotifyConfiguration.swift in Sources */ = {isa = PBXBuildFile; fileRef = 95258DB827B100990048A18B /* SpotifyConfiguration.swift */; };
		95258DEB27B100990048A18B /* PlaylistItem.swift in Sources */ = {isa = PBXBuildFile; fileRef = 95258DB927B100990048A18B /* PlaylistItem.swift */; };
		95258DED27B100990048A18B /* Room.swift in Sources */ = {isa = PBXBuildFile; fileRef = 95258DBB27B100990048A18B /* Room.swift */; };
		95258DEE27B100990048A18B /* Member.swift in Sources */ = {isa = PBXBuildFile; fileRef = 95258DBC27B100990048A18B /* Member.swift */; };
		95258DEF27B100990048A18B /* HomeViewModel.swift in Sources */ = {isa = PBXBuildFile; fileRef = 95258DBE27B100990048A18B /* HomeViewModel.swift */; };
		95258DF027B100990048A18B /* RoomDetailsViewModel.swift in Sources */ = {isa = PBXBuildFile; fileRef = 95258DBF27B100990048A18B /* RoomDetailsViewModel.swift */; };
		95258DF127B100990048A18B /* AppError.swift in Sources */ = {isa = PBXBuildFile; fileRef = 95258DC027B100990048A18B /* AppError.swift */; };
		95258DF227B100990048A18B /* SearchViewModel.swift in Sources */ = {isa = PBXBuildFile; fileRef = 95258DC127B100990048A18B /* SearchViewModel.swift */; };
		95258DF327B100990048A18B /* PlaylistViewModel.swift in Sources */ = {isa = PBXBuildFile; fileRef = 95258DC227B100990048A18B /* PlaylistViewModel.swift */; };
		95258DF427B100990048A18B /* SearchViewController.swift in Sources */ = {isa = PBXBuildFile; fileRef = 95258DC427B100990048A18B /* SearchViewController.swift */; };
		95258DF527B100990048A18B /* HomeViewController.swift in Sources */ = {isa = PBXBuildFile; fileRef = 95258DC527B100990048A18B /* HomeViewController.swift */; };
		95258DF627B100990048A18B /* PlaylistViewController.swift in Sources */ = {isa = PBXBuildFile; fileRef = 95258DC627B100990048A18B /* PlaylistViewController.swift */; };
		95258DF727B100990048A18B /* RoomDetailsViewController.swift in Sources */ = {isa = PBXBuildFile; fileRef = 95258DC727B100990048A18B /* RoomDetailsViewController.swift */; };
		958DB6AC27B35C3F0038F7C9 /* AppDelegate.swift in Sources */ = {isa = PBXBuildFile; fileRef = 958DB6AA27B35C3F0038F7C9 /* AppDelegate.swift */; };
		958DB6AD27B35C3F0038F7C9 /* SceneDelegate.swift in Sources */ = {isa = PBXBuildFile; fileRef = 958DB6AB27B35C3F0038F7C9 /* SceneDelegate.swift */; };
		95C9137327B3574F00640954 /* FirebaseAuth in Frameworks */ = {isa = PBXBuildFile; productRef = 95C9137227B3574F00640954 /* FirebaseAuth */; };
		95C9137527B3574F00640954 /* FirebaseFirestore in Frameworks */ = {isa = PBXBuildFile; productRef = 95C9137427B3574F00640954 /* FirebaseFirestore */; };
		95C9137727B3574F00640954 /* FirebaseFirestoreSwift-Beta in Frameworks */ = {isa = PBXBuildFile; productRef = 95C9137627B3574F00640954 /* FirebaseFirestoreSwift-Beta */; };
		95C9137A27B3578800640954 /* SDWebImage in Frameworks */ = {isa = PBXBuildFile; productRef = 95C9137927B3578800640954 /* SDWebImage */; };
		95D8ABE527B3562100501FDC /* SpotifyiOS.xcframework in Frameworks */ = {isa = PBXBuildFile; fileRef = 95D8ABE427B3562100501FDC /* SpotifyiOS.xcframework */; };
		95D8ABE627B3562100501FDC /* SpotifyiOS.xcframework in Embed Frameworks */ = {isa = PBXBuildFile; fileRef = 95D8ABE427B3562100501FDC /* SpotifyiOS.xcframework */; settings = {ATTRIBUTES = (CodeSignOnCopy, RemoveHeadersOnCopy, ); }; };
/* End PBXBuildFile section */

/* Begin PBXContainerItemProxy section */
		95258D5027A788C50048A18B /* PBXContainerItemProxy */ = {
			isa = PBXContainerItemProxy;
			containerPortal = 95258D3127A788C40048A18B /* Project object */;
			proxyType = 1;
			remoteGlobalIDString = 95258D3827A788C40048A18B;
			remoteInfo = QueUp;
		};
		95258D5A27A788C50048A18B /* PBXContainerItemProxy */ = {
			isa = PBXContainerItemProxy;
			containerPortal = 95258D3127A788C40048A18B /* Project object */;
			proxyType = 1;
			remoteGlobalIDString = 95258D3827A788C40048A18B;
			remoteInfo = QueUp;
		};
/* End PBXContainerItemProxy section */

/* Begin PBXCopyFilesBuildPhase section */
		95D8ABE727B3562100501FDC /* Embed Frameworks */ = {
			isa = PBXCopyFilesBuildPhase;
			buildActionMask = 2147483647;
			dstPath = "";
			dstSubfolderSpec = 10;
			files = (
				95D8ABE627B3562100501FDC /* SpotifyiOS.xcframework in Embed Frameworks */,
			);
			name = "Embed Frameworks";
			runOnlyForDeploymentPostprocessing = 0;
		};
/* End PBXCopyFilesBuildPhase section */

/* Begin PBXFileReference section */
		95258D3927A788C40048A18B /* QueUp.app */ = {isa = PBXFileReference; explicitFileType = wrapper.application; includeInIndex = 0; path = QueUp.app; sourceTree = BUILT_PRODUCTS_DIR; };
		95258D4527A788C50048A18B /* Assets.xcassets */ = {isa = PBXFileReference; lastKnownFileType = folder.assetcatalog; path = Assets.xcassets; sourceTree = "<group>"; };
		95258D4A27A788C50048A18B /* Info.plist */ = {isa = PBXFileReference; lastKnownFileType = text.plist.xml; path = Info.plist; sourceTree = "<group>"; };
		95258D4F27A788C50048A18B /* QueUpTests.xctest */ = {isa = PBXFileReference; explicitFileType = wrapper.cfbundle; includeInIndex = 0; path = QueUpTests.xctest; sourceTree = BUILT_PRODUCTS_DIR; };
		95258D5327A788C50048A18B /* QueUpTests.swift */ = {isa = PBXFileReference; lastKnownFileType = sourcecode.swift; path = QueUpTests.swift; sourceTree = "<group>"; };
		95258D5927A788C50048A18B /* QueUpUITests.xctest */ = {isa = PBXFileReference; explicitFileType = wrapper.cfbundle; includeInIndex = 0; path = QueUpUITests.xctest; sourceTree = BUILT_PRODUCTS_DIR; };
		95258D5D27A788C50048A18B /* QueUpUITests.swift */ = {isa = PBXFileReference; lastKnownFileType = sourcecode.swift; path = QueUpUITests.swift; sourceTree = "<group>"; };
		95258D5F27A788C50048A18B /* QueUpUITestsLaunchTests.swift */ = {isa = PBXFileReference; lastKnownFileType = sourcecode.swift; path = QueUpUITestsLaunchTests.swift; sourceTree = "<group>"; };
		95258D7127B025820048A18B /* QueUp-Bridging-Header.h */ = {isa = PBXFileReference; lastKnownFileType = sourcecode.c.h; path = "QueUp-Bridging-Header.h"; sourceTree = "<group>"; };
		95258D7F27B0FC940048A18B /* GoogleService-Info.plist */ = {isa = PBXFileReference; fileEncoding = 4; lastKnownFileType = text.plist.xml; path = "GoogleService-Info.plist"; sourceTree = "<group>"; };
		95258D8627B100990048A18B /* UIViewController+Alert.swift */ = {isa = PBXFileReference; fileEncoding = 4; lastKnownFileType = sourcecode.swift; path = "UIViewController+Alert.swift"; sourceTree = "<group>"; };
		95258D8827B100990048A18B /* APIClient.swift */ = {isa = PBXFileReference; fileEncoding = 4; lastKnownFileType = sourcecode.swift; path = APIClient.swift; sourceTree = "<group>"; };
		95258D8B27B100990048A18B /* SpotifyReponseModels.swift */ = {isa = PBXFileReference; fileEncoding = 4; lastKnownFileType = sourcecode.swift; path = SpotifyReponseModels.swift; sourceTree = "<group>"; };
		95258D8C27B100990048A18B /* SpotifyAPIEndpoint.swift */ = {isa = PBXFileReference; fileEncoding = 4; lastKnownFileType = sourcecode.swift; path = SpotifyAPIEndpoint.swift; sourceTree = "<group>"; };
		95258D8E27B100990048A18B /* SpotifyUserProfileAPI.swift */ = {isa = PBXFileReference; fileEncoding = 4; lastKnownFileType = sourcecode.swift; path = SpotifyUserProfileAPI.swift; sourceTree = "<group>"; };
		95258D8F27B100990048A18B /* SpotifyAccountsAPI.swift */ = {isa = PBXFileReference; fileEncoding = 4; lastKnownFileType = sourcecode.swift; path = SpotifyAccountsAPI.swift; sourceTree = "<group>"; };
		95258D9027B100990048A18B /* SpotifySearchAPI.swift */ = {isa = PBXFileReference; fileEncoding = 4; lastKnownFileType = sourcecode.swift; path = SpotifySearchAPI.swift; sourceTree = "<group>"; };
		95258D9127B100990048A18B /* SpotfiyRecommendationsAPI.swift */ = {isa = PBXFileReference; fileEncoding = 4; lastKnownFileType = sourcecode.swift; path = SpotfiyRecommendationsAPI.swift; sourceTree = "<group>"; };
		95258D9227B100990048A18B /* SpotifyPlayerAPI.swift */ = {isa = PBXFileReference; fileEncoding = 4; lastKnownFileType = sourcecode.swift; path = SpotifyPlayerAPI.swift; sourceTree = "<group>"; };
		95258D9327B100990048A18B /* SpotifyAPIClient.swift */ = {isa = PBXFileReference; fileEncoding = 4; lastKnownFileType = sourcecode.swift; path = SpotifyAPIClient.swift; sourceTree = "<group>"; };
		95258D9427B100990048A18B /* HTTPMethod.swift */ = {isa = PBXFileReference; fileEncoding = 4; lastKnownFileType = sourcecode.swift; path = HTTPMethod.swift; sourceTree = "<group>"; };
		95258D9527B100990048A18B /* ClientError.swift */ = {isa = PBXFileReference; fileEncoding = 4; lastKnownFileType = sourcecode.swift; path = ClientError.swift; sourceTree = "<group>"; };
		95258D9627B100990048A18B /* HTTPAuthorization.swift */ = {isa = PBXFileReference; fileEncoding = 4; lastKnownFileType = sourcecode.swift; path = HTTPAuthorization.swift; sourceTree = "<group>"; };
		95258D9727B100990048A18B /* APIEndpoint.swift */ = {isa = PBXFileReference; fileEncoding = 4; lastKnownFileType = sourcecode.swift; path = APIEndpoint.swift; sourceTree = "<group>"; };
		95258D9827B100990048A18B /* APIRequest.swift */ = {isa = PBXFileReference; fileEncoding = 4; lastKnownFileType = sourcecode.swift; path = APIRequest.swift; sourceTree = "<group>"; };
		95258D9B27B100990048A18B /* MemberTableViewCell.swift */ = {isa = PBXFileReference; fileEncoding = 4; lastKnownFileType = sourcecode.swift; path = MemberTableViewCell.swift; sourceTree = "<group>"; };
		95258D9D27B100990048A18B /* Base */ = {isa = PBXFileReference; lastKnownFileType = file.storyboard; name = Base; path = Base.lproj/LaunchScreen.storyboard; sourceTree = "<group>"; };
		95258D9F27B100990048A18B /* Base */ = {isa = PBXFileReference; lastKnownFileType = file.storyboard; name = Base; path = Base.lproj/Main.storyboard; sourceTree = "<group>"; };
		95258DA227B100990048A18B /* RoomFormTextField.swift */ = {isa = PBXFileReference; fileEncoding = 4; lastKnownFileType = sourcecode.swift; path = RoomFormTextField.swift; sourceTree = "<group>"; };
		95258DA327B100990048A18B /* RoomFormView.swift */ = {isa = PBXFileReference; fileEncoding = 4; lastKnownFileType = sourcecode.swift; path = RoomFormView.swift; sourceTree = "<group>"; };
		95258DA427B100990048A18B /* RoomFormButton.swift */ = {isa = PBXFileReference; fileEncoding = 4; lastKnownFileType = sourcecode.swift; path = RoomFormButton.swift; sourceTree = "<group>"; };
		95258DA527B100990048A18B /* RoomFormSegmentedControl.swift */ = {isa = PBXFileReference; fileEncoding = 4; lastKnownFileType = sourcecode.swift; path = RoomFormSegmentedControl.swift; sourceTree = "<group>"; };
		95258DA627B100990048A18B /* SwitchControl.swift */ = {isa = PBXFileReference; fileEncoding = 4; lastKnownFileType = sourcecode.swift; path = SwitchControl.swift; sourceTree = "<group>"; };
		95258DA827B100990048A18B /* SearchTableViewCell.swift */ = {isa = PBXFileReference; fileEncoding = 4; lastKnownFileType = sourcecode.swift; path = SearchTableViewCell.swift; sourceTree = "<group>"; };
		95258DA927B100990048A18B /* ActivityIndicatorView.swift */ = {isa = PBXFileReference; fileEncoding = 4; lastKnownFileType = sourcecode.swift; path = ActivityIndicatorView.swift; sourceTree = "<group>"; };
		95258DAB27B100990048A18B /* PlaylistTableViewCell.swift */ = {isa = PBXFileReference; fileEncoding = 4; lastKnownFileType = sourcecode.swift; path = PlaylistTableViewCell.swift; sourceTree = "<group>"; };
		95258DAD27B100990048A18B /* RepositoryError.swift */ = {isa = PBXFileReference; fileEncoding = 4; lastKnownFileType = sourcecode.swift; path = RepositoryError.swift; sourceTree = "<group>"; };
		95258DAF27B100990048A18B /* UserDefaultsRepository.swift */ = {isa = PBXFileReference; fileEncoding = 4; lastKnownFileType = sourcecode.swift; path = UserDefaultsRepository.swift; sourceTree = "<group>"; };
		95258DB027B100990048A18B /* UserDefaultsProperty.swift */ = {isa = PBXFileReference; fileEncoding = 4; lastKnownFileType = sourcecode.swift; path = UserDefaultsProperty.swift; sourceTree = "<group>"; };
		95258DB227B100990048A18B /* FirestoreRepository.swift */ = {isa = PBXFileReference; fileEncoding = 4; lastKnownFileType = sourcecode.swift; path = FirestoreRepository.swift; sourceTree = "<group>"; };
		95258DB327B100990048A18B /* FirestoreDocument.swift */ = {isa = PBXFileReference; fileEncoding = 4; lastKnownFileType = sourcecode.swift; path = FirestoreDocument.swift; sourceTree = "<group>"; };
		95258DB427B100990048A18B /* RemoteRepository.swift */ = {isa = PBXFileReference; fileEncoding = 4; lastKnownFileType = sourcecode.swift; path = RemoteRepository.swift; sourceTree = "<group>"; };
		95258DB627B100990048A18B /* SearchResultItem.swift */ = {isa = PBXFileReference; fileEncoding = 4; lastKnownFileType = sourcecode.swift; path = SearchResultItem.swift; sourceTree = "<group>"; };
		95258DB727B100990048A18B /* Song.swift */ = {isa = PBXFileReference; fileEncoding = 4; lastKnownFileType = sourcecode.swift; path = Song.swift; sourceTree = "<group>"; };
		95258DB827B100990048A18B /* SpotifyConfiguration.swift */ = {isa = PBXFileReference; fileEncoding = 4; lastKnownFileType = sourcecode.swift; path = SpotifyConfiguration.swift; sourceTree = "<group>"; };
		95258DB927B100990048A18B /* PlaylistItem.swift */ = {isa = PBXFileReference; fileEncoding = 4; lastKnownFileType = sourcecode.swift; path = PlaylistItem.swift; sourceTree = "<group>"; };
		95258DBB27B100990048A18B /* Room.swift */ = {isa = PBXFileReference; fileEncoding = 4; lastKnownFileType = sourcecode.swift; path = Room.swift; sourceTree = "<group>"; };
		95258DBC27B100990048A18B /* Member.swift */ = {isa = PBXFileReference; fileEncoding = 4; lastKnownFileType = sourcecode.swift; path = Member.swift; sourceTree = "<group>"; };
		95258DBE27B100990048A18B /* HomeViewModel.swift */ = {isa = PBXFileReference; fileEncoding = 4; lastKnownFileType = sourcecode.swift; path = HomeViewModel.swift; sourceTree = "<group>"; };
		95258DBF27B100990048A18B /* RoomDetailsViewModel.swift */ = {isa = PBXFileReference; fileEncoding = 4; lastKnownFileType = sourcecode.swift; path = RoomDetailsViewModel.swift; sourceTree = "<group>"; };
		95258DC027B100990048A18B /* AppError.swift */ = {isa = PBXFileReference; fileEncoding = 4; lastKnownFileType = sourcecode.swift; path = AppError.swift; sourceTree = "<group>"; };
		95258DC127B100990048A18B /* SearchViewModel.swift */ = {isa = PBXFileReference; fileEncoding = 4; lastKnownFileType = sourcecode.swift; path = SearchViewModel.swift; sourceTree = "<group>"; };
		95258DC227B100990048A18B /* PlaylistViewModel.swift */ = {isa = PBXFileReference; fileEncoding = 4; lastKnownFileType = sourcecode.swift; path = PlaylistViewModel.swift; sourceTree = "<group>"; };
		95258DC427B100990048A18B /* SearchViewController.swift */ = {isa = PBXFileReference; fileEncoding = 4; lastKnownFileType = sourcecode.swift; path = SearchViewController.swift; sourceTree = "<group>"; };
		95258DC527B100990048A18B /* HomeViewController.swift */ = {isa = PBXFileReference; fileEncoding = 4; lastKnownFileType = sourcecode.swift; path = HomeViewController.swift; sourceTree = "<group>"; };
		95258DC627B100990048A18B /* PlaylistViewController.swift */ = {isa = PBXFileReference; fileEncoding = 4; lastKnownFileType = sourcecode.swift; path = PlaylistViewController.swift; sourceTree = "<group>"; };
		95258DC727B100990048A18B /* RoomDetailsViewController.swift */ = {isa = PBXFileReference; fileEncoding = 4; lastKnownFileType = sourcecode.swift; path = RoomDetailsViewController.swift; sourceTree = "<group>"; };
		958DB6AA27B35C3F0038F7C9 /* AppDelegate.swift */ = {isa = PBXFileReference; fileEncoding = 4; lastKnownFileType = sourcecode.swift; path = AppDelegate.swift; sourceTree = "<group>"; };
		958DB6AB27B35C3F0038F7C9 /* SceneDelegate.swift */ = {isa = PBXFileReference; fileEncoding = 4; lastKnownFileType = sourcecode.swift; path = SceneDelegate.swift; sourceTree = "<group>"; };
		95D8ABE427B3562100501FDC /* SpotifyiOS.xcframework */ = {isa = PBXFileReference; lastKnownFileType = wrapper.xcframework; name = SpotifyiOS.xcframework; path = Framework/SpotifyiOS.xcframework; sourceTree = "<group>"; };
/* End PBXFileReference section */

/* Begin PBXFrameworksBuildPhase section */
		95258D3627A788C40048A18B /* Frameworks */ = {
			isa = PBXFrameworksBuildPhase;
			buildActionMask = 2147483647;
			files = (
				95D8ABE527B3562100501FDC /* SpotifyiOS.xcframework in Frameworks */,
				95C9137727B3574F00640954 /* FirebaseFirestoreSwift-Beta in Frameworks */,
				95C9137327B3574F00640954 /* FirebaseAuth in Frameworks */,
				95C9137527B3574F00640954 /* FirebaseFirestore in Frameworks */,
				95C9137A27B3578800640954 /* SDWebImage in Frameworks */,
			);
			runOnlyForDeploymentPostprocessing = 0;
		};
		95258D4C27A788C50048A18B /* Frameworks */ = {
			isa = PBXFrameworksBuildPhase;
			buildActionMask = 2147483647;
			files = (
			);
			runOnlyForDeploymentPostprocessing = 0;
		};
		95258D5627A788C50048A18B /* Frameworks */ = {
			isa = PBXFrameworksBuildPhase;
			buildActionMask = 2147483647;
			files = (
			);
			runOnlyForDeploymentPostprocessing = 0;
		};
/* End PBXFrameworksBuildPhase section */

/* Begin PBXGroup section */
		95258D3027A788C40048A18B = {
			isa = PBXGroup;
			children = (
				95258D3B27A788C40048A18B /* QueUp */,
				95258D5227A788C50048A18B /* QueUpTests */,
				95258D5C27A788C50048A18B /* QueUpUITests */,
				95258D3A27A788C40048A18B /* Products */,
				95258D6C27B01E0B0048A18B /* Frameworks */,
			);
			sourceTree = "<group>";
		};
		95258D3A27A788C40048A18B /* Products */ = {
			isa = PBXGroup;
			children = (
				95258D3927A788C40048A18B /* QueUp.app */,
				95258D4F27A788C50048A18B /* QueUpTests.xctest */,
				95258D5927A788C50048A18B /* QueUpUITests.xctest */,
			);
			name = Products;
			sourceTree = "<group>";
		};
		95258D3B27A788C40048A18B /* QueUp */ = {
			isa = PBXGroup;
			children = (
				958DB6AA27B35C3F0038F7C9 /* AppDelegate.swift */,
				958DB6AB27B35C3F0038F7C9 /* SceneDelegate.swift */,
				95258D7127B025820048A18B /* QueUp-Bridging-Header.h */,
				95258D4527A788C50048A18B /* Assets.xcassets */,
				95258D4A27A788C50048A18B /* Info.plist */,
				95258D7F27B0FC940048A18B /* GoogleService-Info.plist */,
				95258D8527B100990048A18B /* Extension */,
				95258D8727B100990048A18B /* Client */,
				95258DAC27B100990048A18B /* Repository */,
				95258DB527B100990048A18B /* Model */,
				95258DBD27B100990048A18B /* ViewModel */,
				95258DC327B100990048A18B /* Controller */,
				95258D9927B100990048A18B /* View */,
			);
			path = QueUp;
			sourceTree = "<group>";
		};
		95258D5227A788C50048A18B /* QueUpTests */ = {
			isa = PBXGroup;
			children = (
				95258D5327A788C50048A18B /* QueUpTests.swift */,
			);
			path = QueUpTests;
			sourceTree = "<group>";
		};
		95258D5C27A788C50048A18B /* QueUpUITests */ = {
			isa = PBXGroup;
			children = (
				95258D5D27A788C50048A18B /* QueUpUITests.swift */,
				95258D5F27A788C50048A18B /* QueUpUITestsLaunchTests.swift */,
			);
			path = QueUpUITests;
			sourceTree = "<group>";
		};
		95258D6C27B01E0B0048A18B /* Frameworks */ = {
			isa = PBXGroup;
			children = (
				95D8ABE427B3562100501FDC /* SpotifyiOS.xcframework */,
			);
			name = Frameworks;
			sourceTree = "<group>";
		};
		95258D8527B100990048A18B /* Extension */ = {
			isa = PBXGroup;
			children = (
				95258D8627B100990048A18B /* UIViewController+Alert.swift */,
			);
			path = Extension;
			sourceTree = "<group>";
		};
		95258D8727B100990048A18B /* Client */ = {
			isa = PBXGroup;
			children = (
				95258D8827B100990048A18B /* APIClient.swift */,
				95258D9427B100990048A18B /* HTTPMethod.swift */,
				95258D9527B100990048A18B /* ClientError.swift */,
				95258D9627B100990048A18B /* HTTPAuthorization.swift */,
				95258D9727B100990048A18B /* APIEndpoint.swift */,
				95258D9827B100990048A18B /* APIRequest.swift */,
				95258D8927B100990048A18B /* Spotify */,
			);
			path = Client;
			sourceTree = "<group>";
		};
		95258D8927B100990048A18B /* Spotify */ = {
			isa = PBXGroup;
			children = (
				95258D8A27B100990048A18B /* Response */,
				95258D8C27B100990048A18B /* SpotifyAPIEndpoint.swift */,
				95258D8D27B100990048A18B /* Endpoint */,
				95258D9327B100990048A18B /* SpotifyAPIClient.swift */,
			);
			path = Spotify;
			sourceTree = "<group>";
		};
		95258D8A27B100990048A18B /* Response */ = {
			isa = PBXGroup;
			children = (
				95258D8B27B100990048A18B /* SpotifyReponseModels.swift */,
			);
			path = Response;
			sourceTree = "<group>";
		};
		95258D8D27B100990048A18B /* Endpoint */ = {
			isa = PBXGroup;
			children = (
				95258D8E27B100990048A18B /* SpotifyUserProfileAPI.swift */,
				95258D8F27B100990048A18B /* SpotifyAccountsAPI.swift */,
				95258D9027B100990048A18B /* SpotifySearchAPI.swift */,
				95258D9127B100990048A18B /* SpotfiyRecommendationsAPI.swift */,
				95258D9227B100990048A18B /* SpotifyPlayerAPI.swift */,
			);
			path = Endpoint;
			sourceTree = "<group>";
		};
		95258D9927B100990048A18B /* View */ = {
			isa = PBXGroup;
			children = (
				95258D9A27B100990048A18B /* RoomDetailView */,
				95258D9C27B100990048A18B /* LaunchScreen.storyboard */,
				95258D9E27B100990048A18B /* Main.storyboard */,
				95258DA027B100990048A18B /* HomeView */,
				95258DA727B100990048A18B /* SearchView */,
				95258DA927B100990048A18B /* ActivityIndicatorView.swift */,
				95258DAA27B100990048A18B /* PlaylistView */,
			);
			path = View;
			sourceTree = "<group>";
		};
		95258D9A27B100990048A18B /* RoomDetailView */ = {
			isa = PBXGroup;
			children = (
				95258D9B27B100990048A18B /* MemberTableViewCell.swift */,
			);
			path = RoomDetailView;
			sourceTree = "<group>";
		};
		95258DA027B100990048A18B /* HomeView */ = {
			isa = PBXGroup;
			children = (
				95258DA127B100990048A18B /* RoomFormView */,
				95258DA627B100990048A18B /* SwitchControl.swift */,
			);
			path = HomeView;
			sourceTree = "<group>";
		};
		95258DA127B100990048A18B /* RoomFormView */ = {
			isa = PBXGroup;
			children = (
				95258DA227B100990048A18B /* RoomFormTextField.swift */,
				95258DA327B100990048A18B /* RoomFormView.swift */,
				95258DA427B100990048A18B /* RoomFormButton.swift */,
				95258DA527B100990048A18B /* RoomFormSegmentedControl.swift */,
			);
			path = RoomFormView;
			sourceTree = "<group>";
		};
		95258DA727B100990048A18B /* SearchView */ = {
			isa = PBXGroup;
			children = (
				95258DA827B100990048A18B /* SearchTableViewCell.swift */,
			);
			path = SearchView;
			sourceTree = "<group>";
		};
		95258DAA27B100990048A18B /* PlaylistView */ = {
			isa = PBXGroup;
			children = (
				95258DAB27B100990048A18B /* PlaylistTableViewCell.swift */,
			);
			path = PlaylistView;
			sourceTree = "<group>";
		};
		95258DAC27B100990048A18B /* Repository */ = {
			isa = PBXGroup;
			children = (
				95258DAD27B100990048A18B /* RepositoryError.swift */,
				95258DAE27B100990048A18B /* UserDefaults */,
				95258DB127B100990048A18B /* Firestore */,
				95258DB427B100990048A18B /* RemoteRepository.swift */,
			);
			path = Repository;
			sourceTree = "<group>";
		};
		95258DAE27B100990048A18B /* UserDefaults */ = {
			isa = PBXGroup;
			children = (
				95258DAF27B100990048A18B /* UserDefaultsRepository.swift */,
				95258DB027B100990048A18B /* UserDefaultsProperty.swift */,
			);
			path = UserDefaults;
			sourceTree = "<group>";
		};
		95258DB127B100990048A18B /* Firestore */ = {
			isa = PBXGroup;
			children = (
				95258DB227B100990048A18B /* FirestoreRepository.swift */,
				95258DB327B100990048A18B /* FirestoreDocument.swift */,
			);
			path = Firestore;
			sourceTree = "<group>";
		};
		95258DB527B100990048A18B /* Model */ = {
			isa = PBXGroup;
			children = (
				95258DB627B100990048A18B /* SearchResultItem.swift */,
				95258DB727B100990048A18B /* Song.swift */,
				95258DB827B100990048A18B /* SpotifyConfiguration.swift */,
				95258DB927B100990048A18B /* PlaylistItem.swift */,
				95258DBB27B100990048A18B /* Room.swift */,
				95258DBC27B100990048A18B /* Member.swift */,
			);
			path = Model;
			sourceTree = "<group>";
		};
		95258DBD27B100990048A18B /* ViewModel */ = {
			isa = PBXGroup;
			children = (
				95258DBE27B100990048A18B /* HomeViewModel.swift */,
				95258DBF27B100990048A18B /* RoomDetailsViewModel.swift */,
				95258DC127B100990048A18B /* SearchViewModel.swift */,
				95258DC227B100990048A18B /* PlaylistViewModel.swift */,
				95258DC027B100990048A18B /* AppError.swift */,
			);
			path = ViewModel;
			sourceTree = "<group>";
		};
		95258DC327B100990048A18B /* Controller */ = {
			isa = PBXGroup;
			children = (
				95258DC427B100990048A18B /* SearchViewController.swift */,
				95258DC527B100990048A18B /* HomeViewController.swift */,
				95258DC627B100990048A18B /* PlaylistViewController.swift */,
				95258DC727B100990048A18B /* RoomDetailsViewController.swift */,
			);
			path = Controller;
			sourceTree = "<group>";
		};
/* End PBXGroup section */

/* Begin PBXNativeTarget section */
		95258D3827A788C40048A18B /* QueUp */ = {
			isa = PBXNativeTarget;
			buildConfigurationList = 95258D6327A788C50048A18B /* Build configuration list for PBXNativeTarget "QueUp" */;
			buildPhases = (
				95258D3527A788C40048A18B /* Sources */,
				95258D3627A788C40048A18B /* Frameworks */,
				95258D3727A788C40048A18B /* Resources */,
				95D8ABE727B3562100501FDC /* Embed Frameworks */,
			);
			buildRules = (
			);
			dependencies = (
			);
			name = QueUp;
			packageProductDependencies = (
				95C9137227B3574F00640954 /* FirebaseAuth */,
				95C9137427B3574F00640954 /* FirebaseFirestore */,
				95C9137627B3574F00640954 /* FirebaseFirestoreSwift-Beta */,
				95C9137927B3578800640954 /* SDWebImage */,
			);
			productName = QueUp;
			productReference = 95258D3927A788C40048A18B /* QueUp.app */;
			productType = "com.apple.product-type.application";
		};
		95258D4E27A788C50048A18B /* QueUpTests */ = {
			isa = PBXNativeTarget;
			buildConfigurationList = 95258D6627A788C50048A18B /* Build configuration list for PBXNativeTarget "QueUpTests" */;
			buildPhases = (
				95258D4B27A788C50048A18B /* Sources */,
				95258D4C27A788C50048A18B /* Frameworks */,
				95258D4D27A788C50048A18B /* Resources */,
			);
			buildRules = (
			);
			dependencies = (
				95258D5127A788C50048A18B /* PBXTargetDependency */,
			);
			name = QueUpTests;
			productName = QueUpTests;
			productReference = 95258D4F27A788C50048A18B /* QueUpTests.xctest */;
			productType = "com.apple.product-type.bundle.unit-test";
		};
		95258D5827A788C50048A18B /* QueUpUITests */ = {
			isa = PBXNativeTarget;
			buildConfigurationList = 95258D6927A788C50048A18B /* Build configuration list for PBXNativeTarget "QueUpUITests" */;
			buildPhases = (
				95258D5527A788C50048A18B /* Sources */,
				95258D5627A788C50048A18B /* Frameworks */,
				95258D5727A788C50048A18B /* Resources */,
			);
			buildRules = (
			);
			dependencies = (
				95258D5B27A788C50048A18B /* PBXTargetDependency */,
			);
			name = QueUpUITests;
			productName = QueUpUITests;
			productReference = 95258D5927A788C50048A18B /* QueUpUITests.xctest */;
			productType = "com.apple.product-type.bundle.ui-testing";
		};
/* End PBXNativeTarget section */

/* Begin PBXProject section */
		95258D3127A788C40048A18B /* Project object */ = {
			isa = PBXProject;
			attributes = {
				BuildIndependentTargetsInParallel = 1;
				LastSwiftUpdateCheck = 1310;
				LastUpgradeCheck = 1310;
				TargetAttributes = {
					95258D3827A788C40048A18B = {
						CreatedOnToolsVersion = 13.1;
					};
					95258D4E27A788C50048A18B = {
						CreatedOnToolsVersion = 13.1;
						TestTargetID = 95258D3827A788C40048A18B;
					};
					95258D5827A788C50048A18B = {
						CreatedOnToolsVersion = 13.1;
						TestTargetID = 95258D3827A788C40048A18B;
					};
				};
			};
			buildConfigurationList = 95258D3427A788C40048A18B /* Build configuration list for PBXProject "QueUp" */;
			compatibilityVersion = "Xcode 13.0";
			developmentRegion = en;
			hasScannedForEncodings = 0;
			knownRegions = (
				en,
				Base,
			);
			mainGroup = 95258D3027A788C40048A18B;
			packageReferences = (
				95C9137127B3574F00640954 /* XCRemoteSwiftPackageReference "firebase-ios-sdk" */,
				95C9137827B3578800640954 /* XCRemoteSwiftPackageReference "SDWebImage" */,
			);
			productRefGroup = 95258D3A27A788C40048A18B /* Products */;
			projectDirPath = "";
			projectRoot = "";
			targets = (
				95258D3827A788C40048A18B /* QueUp */,
				95258D4E27A788C50048A18B /* QueUpTests */,
				95258D5827A788C50048A18B /* QueUpUITests */,
			);
		};
/* End PBXProject section */

/* Begin PBXResourcesBuildPhase section */
		95258D3727A788C40048A18B /* Resources */ = {
			isa = PBXResourcesBuildPhase;
			buildActionMask = 2147483647;
			files = (
				95258D8027B0FC940048A18B /* GoogleService-Info.plist in Resources */,
				95258D4627A788C50048A18B /* Assets.xcassets in Resources */,
				95258DD927B100990048A18B /* Main.storyboard in Resources */,
				95258DD827B100990048A18B /* LaunchScreen.storyboard in Resources */,
			);
			runOnlyForDeploymentPostprocessing = 0;
		};
		95258D4D27A788C50048A18B /* Resources */ = {
			isa = PBXResourcesBuildPhase;
			buildActionMask = 2147483647;
			files = (
			);
			runOnlyForDeploymentPostprocessing = 0;
		};
		95258D5727A788C50048A18B /* Resources */ = {
			isa = PBXResourcesBuildPhase;
			buildActionMask = 2147483647;
			files = (
			);
			runOnlyForDeploymentPostprocessing = 0;
		};
/* End PBXResourcesBuildPhase section */

/* Begin PBXSourcesBuildPhase section */
		95258D3527A788C40048A18B /* Sources */ = {
			isa = PBXSourcesBuildPhase;
			buildActionMask = 2147483647;
			files = (
				95258DD327B100990048A18B /* ClientError.swift in Sources */,
				95258DDE27B100990048A18B /* SwitchControl.swift in Sources */,
				95258DD127B100990048A18B /* SpotifyAPIClient.swift in Sources */,
				95258DE627B100990048A18B /* FirestoreDocument.swift in Sources */,
				95258DD427B100990048A18B /* HTTPAuthorization.swift in Sources */,
				95258DD227B100990048A18B /* HTTPMethod.swift in Sources */,
				95258DEA27B100990048A18B /* SpotifyConfiguration.swift in Sources */,
				95258DF627B100990048A18B /* PlaylistViewController.swift in Sources */,
				95258DCB27B100990048A18B /* SpotifyAPIEndpoint.swift in Sources */,
				95258DE327B100990048A18B /* UserDefaultsRepository.swift in Sources */,
				95258DE527B100990048A18B /* FirestoreRepository.swift in Sources */,
				95258DDD27B100990048A18B /* RoomFormSegmentedControl.swift in Sources */,
				95258DCA27B100990048A18B /* SpotifyReponseModels.swift in Sources */,
				95258DE927B100990048A18B /* Song.swift in Sources */,
				95258DE027B100990048A18B /* ActivityIndicatorView.swift in Sources */,
				95258DF127B100990048A18B /* AppError.swift in Sources */,
				95258DCE27B100990048A18B /* SpotifySearchAPI.swift in Sources */,
				95258DF527B100990048A18B /* HomeViewController.swift in Sources */,
				95258DCF27B100990048A18B /* SpotfiyRecommendationsAPI.swift in Sources */,
				95258DC927B100990048A18B /* APIClient.swift in Sources */,
				95258DF227B100990048A18B /* SearchViewModel.swift in Sources */,
				95258DDC27B100990048A18B /* RoomFormButton.swift in Sources */,
				958DB6AC27B35C3F0038F7C9 /* AppDelegate.swift in Sources */,
				95258DEF27B100990048A18B /* HomeViewModel.swift in Sources */,
				95258DDA27B100990048A18B /* RoomFormTextField.swift in Sources */,
				95258DCD27B100990048A18B /* SpotifyAccountsAPI.swift in Sources */,
				95258DF327B100990048A18B /* PlaylistViewModel.swift in Sources */,
				95258DE427B100990048A18B /* UserDefaultsProperty.swift in Sources */,
				95258DCC27B100990048A18B /* SpotifyUserProfileAPI.swift in Sources */,
				95258DD727B100990048A18B /* MemberTableViewCell.swift in Sources */,
				95258DF727B100990048A18B /* RoomDetailsViewController.swift in Sources */,
				95258DEB27B100990048A18B /* PlaylistItem.swift in Sources */,
				95258DDF27B100990048A18B /* SearchTableViewCell.swift in Sources */,
				95258DE727B100990048A18B /* RemoteRepository.swift in Sources */,
				95258DD527B100990048A18B /* APIEndpoint.swift in Sources */,
				95258DE827B100990048A18B /* SearchResultItem.swift in Sources */,
				95258DF427B100990048A18B /* SearchViewController.swift in Sources */,
				95258DED27B100990048A18B /* Room.swift in Sources */,
				95258DD027B100990048A18B /* SpotifyPlayerAPI.swift in Sources */,
				958DB6AD27B35C3F0038F7C9 /* SceneDelegate.swift in Sources */,
				95258DDB27B100990048A18B /* RoomFormView.swift in Sources */,
				95258DF027B100990048A18B /* RoomDetailsViewModel.swift in Sources */,
				95258DD627B100990048A18B /* APIRequest.swift in Sources */,
				95258DC827B100990048A18B /* UIViewController+Alert.swift in Sources */,
				95258DE227B100990048A18B /* RepositoryError.swift in Sources */,
				95258DE127B100990048A18B /* PlaylistTableViewCell.swift in Sources */,
				95258DEE27B100990048A18B /* Member.swift in Sources */,
			);
			runOnlyForDeploymentPostprocessing = 0;
		};
		95258D4B27A788C50048A18B /* Sources */ = {
			isa = PBXSourcesBuildPhase;
			buildActionMask = 2147483647;
			files = (
				95258D5427A788C50048A18B /* QueUpTests.swift in Sources */,
			);
			runOnlyForDeploymentPostprocessing = 0;
		};
		95258D5527A788C50048A18B /* Sources */ = {
			isa = PBXSourcesBuildPhase;
			buildActionMask = 2147483647;
			files = (
				95258D5E27A788C50048A18B /* QueUpUITests.swift in Sources */,
				95258D6027A788C50048A18B /* QueUpUITestsLaunchTests.swift in Sources */,
			);
			runOnlyForDeploymentPostprocessing = 0;
		};
/* End PBXSourcesBuildPhase section */

/* Begin PBXTargetDependency section */
		95258D5127A788C50048A18B /* PBXTargetDependency */ = {
			isa = PBXTargetDependency;
			target = 95258D3827A788C40048A18B /* QueUp */;
			targetProxy = 95258D5027A788C50048A18B /* PBXContainerItemProxy */;
		};
		95258D5B27A788C50048A18B /* PBXTargetDependency */ = {
			isa = PBXTargetDependency;
			target = 95258D3827A788C40048A18B /* QueUp */;
			targetProxy = 95258D5A27A788C50048A18B /* PBXContainerItemProxy */;
		};
/* End PBXTargetDependency section */

/* Begin PBXVariantGroup section */
		95258D9C27B100990048A18B /* LaunchScreen.storyboard */ = {
			isa = PBXVariantGroup;
			children = (
				95258D9D27B100990048A18B /* Base */,
			);
			name = LaunchScreen.storyboard;
			sourceTree = "<group>";
		};
		95258D9E27B100990048A18B /* Main.storyboard */ = {
			isa = PBXVariantGroup;
			children = (
				95258D9F27B100990048A18B /* Base */,
			);
			name = Main.storyboard;
			sourceTree = "<group>";
		};
/* End PBXVariantGroup section */

/* Begin XCBuildConfiguration section */
		95258D6127A788C50048A18B /* Debug */ = {
			isa = XCBuildConfiguration;
			buildSettings = {
				ALWAYS_SEARCH_USER_PATHS = NO;
				CLANG_ANALYZER_NONNULL = YES;
				CLANG_ANALYZER_NUMBER_OBJECT_CONVERSION = YES_AGGRESSIVE;
				CLANG_CXX_LANGUAGE_STANDARD = "gnu++17";
				CLANG_CXX_LIBRARY = "libc++";
				CLANG_ENABLE_MODULES = YES;
				CLANG_ENABLE_OBJC_ARC = YES;
				CLANG_ENABLE_OBJC_WEAK = YES;
				CLANG_WARN_BLOCK_CAPTURE_AUTORELEASING = YES;
				CLANG_WARN_BOOL_CONVERSION = YES;
				CLANG_WARN_COMMA = YES;
				CLANG_WARN_CONSTANT_CONVERSION = YES;
				CLANG_WARN_DEPRECATED_OBJC_IMPLEMENTATIONS = YES;
				CLANG_WARN_DIRECT_OBJC_ISA_USAGE = YES_ERROR;
				CLANG_WARN_DOCUMENTATION_COMMENTS = YES;
				CLANG_WARN_EMPTY_BODY = YES;
				CLANG_WARN_ENUM_CONVERSION = YES;
				CLANG_WARN_INFINITE_RECURSION = YES;
				CLANG_WARN_INT_CONVERSION = YES;
				CLANG_WARN_NON_LITERAL_NULL_CONVERSION = YES;
				CLANG_WARN_OBJC_IMPLICIT_RETAIN_SELF = YES;
				CLANG_WARN_OBJC_LITERAL_CONVERSION = YES;
				CLANG_WARN_OBJC_ROOT_CLASS = YES_ERROR;
				CLANG_WARN_QUOTED_INCLUDE_IN_FRAMEWORK_HEADER = YES;
				CLANG_WARN_RANGE_LOOP_ANALYSIS = YES;
				CLANG_WARN_STRICT_PROTOTYPES = YES;
				CLANG_WARN_SUSPICIOUS_MOVE = YES;
				CLANG_WARN_UNGUARDED_AVAILABILITY = YES_AGGRESSIVE;
				CLANG_WARN_UNREACHABLE_CODE = YES;
				CLANG_WARN__DUPLICATE_METHOD_MATCH = YES;
				COPY_PHASE_STRIP = NO;
				DEBUG_INFORMATION_FORMAT = dwarf;
				ENABLE_STRICT_OBJC_MSGSEND = YES;
				ENABLE_TESTABILITY = YES;
				GCC_C_LANGUAGE_STANDARD = gnu11;
				GCC_DYNAMIC_NO_PIC = NO;
				GCC_NO_COMMON_BLOCKS = YES;
				GCC_OPTIMIZATION_LEVEL = 0;
				GCC_PREPROCESSOR_DEFINITIONS = (
					"DEBUG=1",
					"$(inherited)",
				);
				GCC_WARN_64_TO_32_BIT_CONVERSION = YES;
				GCC_WARN_ABOUT_RETURN_TYPE = YES_ERROR;
				GCC_WARN_UNDECLARED_SELECTOR = YES;
				GCC_WARN_UNINITIALIZED_AUTOS = YES_AGGRESSIVE;
				GCC_WARN_UNUSED_FUNCTION = YES;
				GCC_WARN_UNUSED_VARIABLE = YES;
				IPHONEOS_DEPLOYMENT_TARGET = 13.0;
				MTL_ENABLE_DEBUG_INFO = INCLUDE_SOURCE;
				MTL_FAST_MATH = YES;
				ONLY_ACTIVE_ARCH = YES;
				SDKROOT = iphoneos;
				SWIFT_ACTIVE_COMPILATION_CONDITIONS = DEBUG;
				SWIFT_OPTIMIZATION_LEVEL = "-Onone";
			};
			name = Debug;
		};
		95258D6227A788C50048A18B /* Release */ = {
			isa = XCBuildConfiguration;
			buildSettings = {
				ALWAYS_SEARCH_USER_PATHS = NO;
				CLANG_ANALYZER_NONNULL = YES;
				CLANG_ANALYZER_NUMBER_OBJECT_CONVERSION = YES_AGGRESSIVE;
				CLANG_CXX_LANGUAGE_STANDARD = "gnu++17";
				CLANG_CXX_LIBRARY = "libc++";
				CLANG_ENABLE_MODULES = YES;
				CLANG_ENABLE_OBJC_ARC = YES;
				CLANG_ENABLE_OBJC_WEAK = YES;
				CLANG_WARN_BLOCK_CAPTURE_AUTORELEASING = YES;
				CLANG_WARN_BOOL_CONVERSION = YES;
				CLANG_WARN_COMMA = YES;
				CLANG_WARN_CONSTANT_CONVERSION = YES;
				CLANG_WARN_DEPRECATED_OBJC_IMPLEMENTATIONS = YES;
				CLANG_WARN_DIRECT_OBJC_ISA_USAGE = YES_ERROR;
				CLANG_WARN_DOCUMENTATION_COMMENTS = YES;
				CLANG_WARN_EMPTY_BODY = YES;
				CLANG_WARN_ENUM_CONVERSION = YES;
				CLANG_WARN_INFINITE_RECURSION = YES;
				CLANG_WARN_INT_CONVERSION = YES;
				CLANG_WARN_NON_LITERAL_NULL_CONVERSION = YES;
				CLANG_WARN_OBJC_IMPLICIT_RETAIN_SELF = YES;
				CLANG_WARN_OBJC_LITERAL_CONVERSION = YES;
				CLANG_WARN_OBJC_ROOT_CLASS = YES_ERROR;
				CLANG_WARN_QUOTED_INCLUDE_IN_FRAMEWORK_HEADER = YES;
				CLANG_WARN_RANGE_LOOP_ANALYSIS = YES;
				CLANG_WARN_STRICT_PROTOTYPES = YES;
				CLANG_WARN_SUSPICIOUS_MOVE = YES;
				CLANG_WARN_UNGUARDED_AVAILABILITY = YES_AGGRESSIVE;
				CLANG_WARN_UNREACHABLE_CODE = YES;
				CLANG_WARN__DUPLICATE_METHOD_MATCH = YES;
				COPY_PHASE_STRIP = NO;
				DEBUG_INFORMATION_FORMAT = "dwarf-with-dsym";
				ENABLE_NS_ASSERTIONS = NO;
				ENABLE_STRICT_OBJC_MSGSEND = YES;
				GCC_C_LANGUAGE_STANDARD = gnu11;
				GCC_NO_COMMON_BLOCKS = YES;
				GCC_WARN_64_TO_32_BIT_CONVERSION = YES;
				GCC_WARN_ABOUT_RETURN_TYPE = YES_ERROR;
				GCC_WARN_UNDECLARED_SELECTOR = YES;
				GCC_WARN_UNINITIALIZED_AUTOS = YES_AGGRESSIVE;
				GCC_WARN_UNUSED_FUNCTION = YES;
				GCC_WARN_UNUSED_VARIABLE = YES;
				IPHONEOS_DEPLOYMENT_TARGET = 13.0;
				MTL_ENABLE_DEBUG_INFO = NO;
				MTL_FAST_MATH = YES;
				SDKROOT = iphoneos;
				SWIFT_COMPILATION_MODE = wholemodule;
				SWIFT_OPTIMIZATION_LEVEL = "-O";
				VALIDATE_PRODUCT = YES;
			};
			name = Release;
		};
		95258D6427A788C50048A18B /* Debug */ = {
			isa = XCBuildConfiguration;
			buildSettings = {
				ASSETCATALOG_COMPILER_APPICON_NAME = AppIcon;
				ASSETCATALOG_COMPILER_GLOBAL_ACCENT_COLOR_NAME = AccentColor;
				CODE_SIGN_STYLE = Automatic;
				CURRENT_PROJECT_VERSION = 1;
				DEVELOPMENT_TEAM = A483ZL3R6R;
				GENERATE_INFOPLIST_FILE = YES;
				INFOPLIST_FILE = QueUp/Info.plist;
				INFOPLIST_KEY_UIApplicationSupportsIndirectInputEvents = YES;
				INFOPLIST_KEY_UILaunchStoryboardName = LaunchScreen;
				INFOPLIST_KEY_UIMainStoryboardFile = Main;
				INFOPLIST_KEY_UISupportedInterfaceOrientations = UIInterfaceOrientationPortrait;
				INFOPLIST_KEY_UISupportedInterfaceOrientations_iPad = "UIInterfaceOrientationPortrait UIInterfaceOrientationPortraitUpsideDown UIInterfaceOrientationLandscapeLeft UIInterfaceOrientationLandscapeRight";
				INFOPLIST_KEY_UISupportedInterfaceOrientations_iPhone = "UIInterfaceOrientationPortrait UIInterfaceOrientationLandscapeLeft UIInterfaceOrientationLandscapeRight";
				LD_RUNPATH_SEARCH_PATHS = (
					"$(inherited)",
					"@executable_path/Frameworks",
				);
				MARKETING_VERSION = 1.0;
				PRODUCT_BUNDLE_IDENTIFIER = com.louismenacho.QueUp;
				PRODUCT_NAME = "$(TARGET_NAME)";
				SWIFT_EMIT_LOC_STRINGS = YES;
				SWIFT_OBJC_BRIDGING_HEADER = "QueUp/QueUp-Bridging-Header.h";
				SWIFT_VERSION = 5.0;
				TARGETED_DEVICE_FAMILY = 1;
			};
			name = Debug;
		};
		95258D6527A788C50048A18B /* Release */ = {
			isa = XCBuildConfiguration;
			buildSettings = {
				ASSETCATALOG_COMPILER_APPICON_NAME = AppIcon;
				ASSETCATALOG_COMPILER_GLOBAL_ACCENT_COLOR_NAME = AccentColor;
				CODE_SIGN_STYLE = Automatic;
				CURRENT_PROJECT_VERSION = 1;
				DEVELOPMENT_TEAM = A483ZL3R6R;
				GENERATE_INFOPLIST_FILE = YES;
				INFOPLIST_FILE = QueUp/Info.plist;
				INFOPLIST_KEY_UIApplicationSupportsIndirectInputEvents = YES;
				INFOPLIST_KEY_UILaunchStoryboardName = LaunchScreen;
				INFOPLIST_KEY_UIMainStoryboardFile = Main;
				INFOPLIST_KEY_UISupportedInterfaceOrientations = UIInterfaceOrientationPortrait;
				INFOPLIST_KEY_UISupportedInterfaceOrientations_iPad = "UIInterfaceOrientationPortrait UIInterfaceOrientationPortraitUpsideDown UIInterfaceOrientationLandscapeLeft UIInterfaceOrientationLandscapeRight";
				INFOPLIST_KEY_UISupportedInterfaceOrientations_iPhone = "UIInterfaceOrientationPortrait UIInterfaceOrientationLandscapeLeft UIInterfaceOrientationLandscapeRight";
				LD_RUNPATH_SEARCH_PATHS = (
					"$(inherited)",
					"@executable_path/Frameworks",
				);
				MARKETING_VERSION = 1.0;
				PRODUCT_BUNDLE_IDENTIFIER = com.louismenacho.QueUp;
				PRODUCT_NAME = "$(TARGET_NAME)";
				SWIFT_EMIT_LOC_STRINGS = YES;
				SWIFT_OBJC_BRIDGING_HEADER = "QueUp/QueUp-Bridging-Header.h";
				SWIFT_VERSION = 5.0;
				TARGETED_DEVICE_FAMILY = 1;
			};
			name = Release;
		};
		95258D6727A788C50048A18B /* Debug */ = {
			isa = XCBuildConfiguration;
			buildSettings = {
				ALWAYS_EMBED_SWIFT_STANDARD_LIBRARIES = YES;
				BUNDLE_LOADER = "$(TEST_HOST)";
				CODE_SIGN_STYLE = Automatic;
				CURRENT_PROJECT_VERSION = 1;
				DEVELOPMENT_TEAM = A483ZL3R6R;
				GENERATE_INFOPLIST_FILE = YES;
				IPHONEOS_DEPLOYMENT_TARGET = 15.0;
				LD_RUNPATH_SEARCH_PATHS = (
					"$(inherited)",
					"@executable_path/Frameworks",
					"@loader_path/Frameworks",
				);
				MARKETING_VERSION = 1.0;
				PRODUCT_BUNDLE_IDENTIFIER = com.louismenacho.QueUpTests;
				PRODUCT_NAME = "$(TARGET_NAME)";
				SWIFT_EMIT_LOC_STRINGS = NO;
				SWIFT_VERSION = 5.0;
				TARGETED_DEVICE_FAMILY = "1,2";
				TEST_HOST = "$(BUILT_PRODUCTS_DIR)/QueUp.app/QueUp";
			};
			name = Debug;
		};
		95258D6827A788C50048A18B /* Release */ = {
			isa = XCBuildConfiguration;
			buildSettings = {
				ALWAYS_EMBED_SWIFT_STANDARD_LIBRARIES = YES;
				BUNDLE_LOADER = "$(TEST_HOST)";
				CODE_SIGN_STYLE = Automatic;
				CURRENT_PROJECT_VERSION = 1;
				DEVELOPMENT_TEAM = A483ZL3R6R;
				GENERATE_INFOPLIST_FILE = YES;
				IPHONEOS_DEPLOYMENT_TARGET = 15.0;
				LD_RUNPATH_SEARCH_PATHS = (
					"$(inherited)",
					"@executable_path/Frameworks",
					"@loader_path/Frameworks",
				);
				MARKETING_VERSION = 1.0;
				PRODUCT_BUNDLE_IDENTIFIER = com.louismenacho.QueUpTests;
				PRODUCT_NAME = "$(TARGET_NAME)";
				SWIFT_EMIT_LOC_STRINGS = NO;
				SWIFT_VERSION = 5.0;
				TARGETED_DEVICE_FAMILY = "1,2";
				TEST_HOST = "$(BUILT_PRODUCTS_DIR)/QueUp.app/QueUp";
			};
			name = Release;
		};
		95258D6A27A788C50048A18B /* Debug */ = {
			isa = XCBuildConfiguration;
			buildSettings = {
				ALWAYS_EMBED_SWIFT_STANDARD_LIBRARIES = YES;
				CODE_SIGN_STYLE = Automatic;
				CURRENT_PROJECT_VERSION = 1;
				DEVELOPMENT_TEAM = A483ZL3R6R;
				GENERATE_INFOPLIST_FILE = YES;
				LD_RUNPATH_SEARCH_PATHS = (
					"$(inherited)",
					"@executable_path/Frameworks",
					"@loader_path/Frameworks",
				);
				MARKETING_VERSION = 1.0;
				PRODUCT_BUNDLE_IDENTIFIER = com.louismenacho.QueUpUITests;
				PRODUCT_NAME = "$(TARGET_NAME)";
				SWIFT_EMIT_LOC_STRINGS = NO;
				SWIFT_VERSION = 5.0;
				TARGETED_DEVICE_FAMILY = "1,2";
				TEST_TARGET_NAME = QueUp;
			};
			name = Debug;
		};
		95258D6B27A788C50048A18B /* Release */ = {
			isa = XCBuildConfiguration;
			buildSettings = {
				ALWAYS_EMBED_SWIFT_STANDARD_LIBRARIES = YES;
				CODE_SIGN_STYLE = Automatic;
				CURRENT_PROJECT_VERSION = 1;
				DEVELOPMENT_TEAM = A483ZL3R6R;
				GENERATE_INFOPLIST_FILE = YES;
				LD_RUNPATH_SEARCH_PATHS = (
					"$(inherited)",
					"@executable_path/Frameworks",
					"@loader_path/Frameworks",
				);
				MARKETING_VERSION = 1.0;
				PRODUCT_BUNDLE_IDENTIFIER = com.louismenacho.QueUpUITests;
				PRODUCT_NAME = "$(TARGET_NAME)";
				SWIFT_EMIT_LOC_STRINGS = NO;
				SWIFT_VERSION = 5.0;
				TARGETED_DEVICE_FAMILY = "1,2";
				TEST_TARGET_NAME = QueUp;
			};
			name = Release;
		};
/* End XCBuildConfiguration section */

/* Begin XCConfigurationList section */
		95258D3427A788C40048A18B /* Build configuration list for PBXProject "QueUp" */ = {
			isa = XCConfigurationList;
			buildConfigurations = (
				95258D6127A788C50048A18B /* Debug */,
				95258D6227A788C50048A18B /* Release */,
			);
			defaultConfigurationIsVisible = 0;
			defaultConfigurationName = Release;
		};
		95258D6327A788C50048A18B /* Build configuration list for PBXNativeTarget "QueUp" */ = {
			isa = XCConfigurationList;
			buildConfigurations = (
				95258D6427A788C50048A18B /* Debug */,
				95258D6527A788C50048A18B /* Release */,
			);
			defaultConfigurationIsVisible = 0;
			defaultConfigurationName = Release;
		};
		95258D6627A788C50048A18B /* Build configuration list for PBXNativeTarget "QueUpTests" */ = {
			isa = XCConfigurationList;
			buildConfigurations = (
				95258D6727A788C50048A18B /* Debug */,
				95258D6827A788C50048A18B /* Release */,
			);
			defaultConfigurationIsVisible = 0;
			defaultConfigurationName = Release;
		};
		95258D6927A788C50048A18B /* Build configuration list for PBXNativeTarget "QueUpUITests" */ = {
			isa = XCConfigurationList;
			buildConfigurations = (
				95258D6A27A788C50048A18B /* Debug */,
				95258D6B27A788C50048A18B /* Release */,
			);
			defaultConfigurationIsVisible = 0;
			defaultConfigurationName = Release;
		};
/* End XCConfigurationList section */

/* Begin XCRemoteSwiftPackageReference section */
		95C9137127B3574F00640954 /* XCRemoteSwiftPackageReference "firebase-ios-sdk" */ = {
			isa = XCRemoteSwiftPackageReference;
			repositoryURL = "http://github.com/firebase/firebase-ios-sdk.git";
			requirement = {
				kind = upToNextMajorVersion;
				minimumVersion = 8.0.0;
			};
		};
		95C9137827B3578800640954 /* XCRemoteSwiftPackageReference "SDWebImage" */ = {
			isa = XCRemoteSwiftPackageReference;
			repositoryURL = "https://github.com/SDWebImage/SDWebImage";
			requirement = {
				kind = upToNextMajorVersion;
				minimumVersion = 5.0.0;
			};
		};
/* End XCRemoteSwiftPackageReference section */

/* Begin XCSwiftPackageProductDependency section */
		95C9137227B3574F00640954 /* FirebaseAuth */ = {
			isa = XCSwiftPackageProductDependency;
			package = 95C9137127B3574F00640954 /* XCRemoteSwiftPackageReference "firebase-ios-sdk" */;
			productName = FirebaseAuth;
		};
		95C9137427B3574F00640954 /* FirebaseFirestore */ = {
			isa = XCSwiftPackageProductDependency;
			package = 95C9137127B3574F00640954 /* XCRemoteSwiftPackageReference "firebase-ios-sdk" */;
			productName = FirebaseFirestore;
		};
		95C9137627B3574F00640954 /* FirebaseFirestoreSwift-Beta */ = {
			isa = XCSwiftPackageProductDependency;
			package = 95C9137127B3574F00640954 /* XCRemoteSwiftPackageReference "firebase-ios-sdk" */;
			productName = "FirebaseFirestoreSwift-Beta";
		};
		95C9137927B3578800640954 /* SDWebImage */ = {
			isa = XCSwiftPackageProductDependency;
			package = 95C9137827B3578800640954 /* XCRemoteSwiftPackageReference "SDWebImage" */;
			productName = SDWebImage;
		};
/* End XCSwiftPackageProductDependency section */
	};
	rootObject = 95258D3127A788C40048A18B /* Project object */;
}
